
Microsoft Visual Studio Solution File, Format Version 12.00
# Visual Studio Version 16
VisualStudioVersion = 16.0.30114.105
MinimumVisualStudioVersion = 10.0.40219.1
Project("{9A19103F-16F7-4668-BE54-9A1E7A4F7556}") = "API", "API\API.csproj", "{B4C2D346-CD88-4F1B-A174-04E32F58E0FF}"
EndProject
Project("{9A19103F-16F7-4668-BE54-9A1E7A4F7556}") = "Application", "Application\Application.csproj", "{D77ADDF9-04C8-4830-89C9-867D0D2C1275}"
EndProject
Project("{9A19103F-16F7-4668-BE54-9A1E7A4F7556}") = "Cross", "CamadaCross\Cross.csproj", "{E114FC4C-0EE6-40AB-BBBA-0A6721A3604A}"
EndProject
Project("{9A19103F-16F7-4668-BE54-9A1E7A4F7556}") = "Core", "Core\Core.csproj", "{8299C148-AB70-4010-98D2-9449CC72F82C}"
EndProject
Project("{9A19103F-16F7-4668-BE54-9A1E7A4F7556}") = "Test.Unit", "Test\Test.Unit.csproj", "{36B98C23-49B8-43EF-BF9F-7C55CBD75BDB}"
EndProject
Project("{9A19103F-16F7-4668-BE54-9A1E7A4F7556}") = "Test.Integracao", "Test.Integracao\Test.Integracao.csproj", "{591E9423-00B2-4D6D-95D4-C0EB6D3C686E}"
EndProject
Project("{2150E333-8FDC-42A3-9474-1A3956D46DE8}") = "5 - API", "5 - API", "{47894F29-D118-421C-A49A-71C9C1A3E429}"
EndProject
Project("{2150E333-8FDC-42A3-9474-1A3956D46DE8}") = "0 - Common", "0 - Common", "{2D97DE42-01E5-4C62-B8C3-480F726676C6}"
EndProject
Project("{2150E333-8FDC-42A3-9474-1A3956D46DE8}") = "2 - Core", "2 - Core", "{5A7816CA-9269-4CF5-B79C-46D704ACD4E2}"
EndProject
Project("{2150E333-8FDC-42A3-9474-1A3956D46DE8}") = "3 - Appication", "3 - Appication", "{D3120A4E-151D-4EE8-B14D-4BDE6F1C7FF3}"
EndProject
Project("{2150E333-8FDC-42A3-9474-1A3956D46DE8}") = "6- Tests", "6- Tests", "{62B05D5F-08DD-40AB-85C8-672F0F72E9F7}"
EndProject
Project("{2150E333-8FDC-42A3-9474-1A3956D46DE8}") = "1 - Infra", "1 - Infra", "{C5527CC2-21AE-48AA-9FB4-8BB6DF8FCA81}"
EndProject
Project("{FAE04EC0-301F-11D3-BF4B-00C04F79EFBC}") = "infra", "infra\infra.csproj", "{646684C2-3CA4-4B39-8B79-BD7E244A1C9E}"
EndProject
Global
	GlobalSection(SolutionConfigurationPlatforms) = preSolution
		Debug|Any CPU = Debug|Any CPU
		Release|Any CPU = Release|Any CPU
	EndGlobalSection
	GlobalSection(ProjectConfigurationPlatforms) = postSolution
		{B4C2D346-CD88-4F1B-A174-04E32F58E0FF}.Debug|Any CPU.ActiveCfg = Debug|Any CPU
		{B4C2D346-CD88-4F1B-A174-04E32F58E0FF}.Debug|Any CPU.Build.0 = Debug|Any CPU
		{B4C2D346-CD88-4F1B-A174-04E32F58E0FF}.Release|Any CPU.ActiveCfg = Release|Any CPU
		{B4C2D346-CD88-4F1B-A174-04E32F58E0FF}.Release|Any CPU.Build.0 = Release|Any CPU
		{D77ADDF9-04C8-4830-89C9-867D0D2C1275}.Debug|Any CPU.ActiveCfg = Debug|Any CPU
		{D77ADDF9-04C8-4830-89C9-867D0D2C1275}.Debug|Any CPU.Build.0 = Debug|Any CPU
		{D77ADDF9-04C8-4830-89C9-867D0D2C1275}.Release|Any CPU.ActiveCfg = Release|Any CPU
		{D77ADDF9-04C8-4830-89C9-867D0D2C1275}.Release|Any CPU.Build.0 = Release|Any CPU
		{E114FC4C-0EE6-40AB-BBBA-0A6721A3604A}.Debug|Any CPU.ActiveCfg = Debug|Any CPU
		{E114FC4C-0EE6-40AB-BBBA-0A6721A3604A}.Debug|Any CPU.Build.0 = Debug|Any CPU
		{E114FC4C-0EE6-40AB-BBBA-0A6721A3604A}.Release|Any CPU.ActiveCfg = Release|Any CPU
		{E114FC4C-0EE6-40AB-BBBA-0A6721A3604A}.Release|Any CPU.Build.0 = Release|Any CPU
		{8299C148-AB70-4010-98D2-9449CC72F82C}.Debug|Any CPU.ActiveCfg = Debug|Any CPU
		{8299C148-AB70-4010-98D2-9449CC72F82C}.Debug|Any CPU.Build.0 = Debug|Any CPU
		{8299C148-AB70-4010-98D2-9449CC72F82C}.Release|Any CPU.ActiveCfg = Release|Any CPU
		{8299C148-AB70-4010-98D2-9449CC72F82C}.Release|Any CPU.Build.0 = Release|Any CPU
		{36B98C23-49B8-43EF-BF9F-7C55CBD75BDB}.Debug|Any CPU.ActiveCfg = Debug|Any CPU
		{36B98C23-49B8-43EF-BF9F-7C55CBD75BDB}.Debug|Any CPU.Build.0 = Debug|Any CPU
		{36B98C23-49B8-43EF-BF9F-7C55CBD75BDB}.Release|Any CPU.ActiveCfg = Release|Any CPU
		{36B98C23-49B8-43EF-BF9F-7C55CBD75BDB}.Release|Any CPU.Build.0 = Release|Any CPU
		{591E9423-00B2-4D6D-95D4-C0EB6D3C686E}.Debug|Any CPU.ActiveCfg = Debug|Any CPU
		{591E9423-00B2-4D6D-95D4-C0EB6D3C686E}.Debug|Any CPU.Build.0 = Debug|Any CPU
		{591E9423-00B2-4D6D-95D4-C0EB6D3C686E}.Release|Any CPU.ActiveCfg = Release|Any CPU
		{591E9423-00B2-4D6D-95D4-C0EB6D3C686E}.Release|Any CPU.Build.0 = Release|Any CPU
		{646684C2-3CA4-4B39-8B79-BD7E244A1C9E}.Debug|Any CPU.ActiveCfg = Debug|Any CPU
		{646684C2-3CA4-4B39-8B79-BD7E244A1C9E}.Debug|Any CPU.Build.0 = Debug|Any CPU
		{646684C2-3CA4-4B39-8B79-BD7E244A1C9E}.Release|Any CPU.ActiveCfg = Release|Any CPU
		{646684C2-3CA4-4B39-8B79-BD7E244A1C9E}.Release|Any CPU.Build.0 = Release|Any CPU
	EndGlobalSection
	GlobalSection(SolutionProperties) = preSolution
		HideSolutionNode = FALSE
	EndGlobalSection
	GlobalSection(NestedProjects) = preSolution
		{B4C2D346-CD88-4F1B-A174-04E32F58E0FF} = {47894F29-D118-421C-A49A-71C9C1A3E429}
		{D77ADDF9-04C8-4830-89C9-867D0D2C1275} = {D3120A4E-151D-4EE8-B14D-4BDE6F1C7FF3}
		{E114FC4C-0EE6-40AB-BBBA-0A6721A3604A} = {2D97DE42-01E5-4C62-B8C3-480F726676C6}
		{8299C148-AB70-4010-98D2-9449CC72F82C} = {5A7816CA-9269-4CF5-B79C-46D704ACD4E2}
		{36B98C23-49B8-43EF-BF9F-7C55CBD75BDB} = {62B05D5F-08DD-40AB-85C8-672F0F72E9F7}
		{591E9423-00B2-4D6D-95D4-C0EB6D3C686E} = {62B05D5F-08DD-40AB-85C8-672F0F72E9F7}
		{646684C2-3CA4-4B39-8B79-BD7E244A1C9E} = {C5527CC2-21AE-48AA-9FB4-8BB6DF8FCA81}
	EndGlobalSection
	GlobalSection(ExtensibilityGlobals) = postSolution
		SolutionGuid = {C9F1BC85-E2F0-499B-B4BE-F022D5159054}
	EndGlobalSection
EndGlobal
